// !$*UTF8*$!
{
	archiveVersion = 1;
	classes = {
	};
	objectVersion = 56;
	objects = {

/* Begin PBXBuildFile section */
		40C31E272BFCC1F7001BDB84 /* EunhangdanVol2.swift in Sources */ = {isa = PBXBuildFile; fileRef = 40C31E262BFCC1F7001BDB84 /* EunhangdanVol2.swift */; };
		40C31E292BFCC1F7001BDB84 /* ContentView.swift in Sources */ = {isa = PBXBuildFile; fileRef = 40C31E282BFCC1F7001BDB84 /* ContentView.swift */; };
		40C31E2B2BFCC1F7001BDB84 /* Assets.xcassets in Resources */ = {isa = PBXBuildFile; fileRef = 40C31E2A2BFCC1F7001BDB84 /* Assets.xcassets */; };
		40C31E2E2BFCC1F7001BDB84 /* Preview Assets.xcassets in Resources */ = {isa = PBXBuildFile; fileRef = 40C31E2D2BFCC1F7001BDB84 /* Preview Assets.xcassets */; };
		40C31E3B2BFCC235001BDB84 /* SearchView.swift in Sources */ = {isa = PBXBuildFile; fileRef = 40C31E352BFCC235001BDB84 /* SearchView.swift */; };
		40C31E3C2BFCC235001BDB84 /* SearchedMinifigureDetailView.swift in Sources */ = {isa = PBXBuildFile; fileRef = 40C31E362BFCC235001BDB84 /* SearchedMinifigureDetailView.swift */; };
		40C31E3D2BFCC235001BDB84 /* SearchResultView.swift in Sources */ = {isa = PBXBuildFile; fileRef = 40C31E372BFCC235001BDB84 /* SearchResultView.swift */; };
		40C31E3E2BFCC235001BDB84 /* SearchedLEGODetailView.swift in Sources */ = {isa = PBXBuildFile; fileRef = 40C31E382BFCC235001BDB84 /* SearchedLEGODetailView.swift */; };
		40C31E3F2BFCC235001BDB84 /* SeriesDetailView.swift in Sources */ = {isa = PBXBuildFile; fileRef = 40C31E392BFCC235001BDB84 /* SeriesDetailView.swift */; };
		40C31E402BFCC235001BDB84 /* SeriesView.swift in Sources */ = {isa = PBXBuildFile; fileRef = 40C31E3A2BFCC235001BDB84 /* SeriesView.swift */; };
		40C31E462BFCC242001BDB84 /* SwiftDataTestView.swift in Sources */ = {isa = PBXBuildFile; fileRef = 40C31E422BFCC242001BDB84 /* SwiftDataTestView.swift */; };
		40C31E472BFCC242001BDB84 /* NetworkTestView.swift in Sources */ = {isa = PBXBuildFile; fileRef = 40C31E432BFCC242001BDB84 /* NetworkTestView.swift */; };
		40C31E482BFCC242001BDB84 /* TotalTestView.swift in Sources */ = {isa = PBXBuildFile; fileRef = 40C31E442BFCC242001BDB84 /* TotalTestView.swift */; };
		40C31E492BFCC242001BDB84 /* HandleCSVTestView.swift in Sources */ = {isa = PBXBuildFile; fileRef = 40C31E452BFCC242001BDB84 /* HandleCSVTestView.swift */; };
		40C31E4E2BFCC255001BDB84 /* DataModel.swift in Sources */ = {isa = PBXBuildFile; fileRef = 40C31E4B2BFCC255001BDB84 /* DataModel.swift */; };
		40C31E4F2BFCC255001BDB84 /* HandleCSV.swift in Sources */ = {isa = PBXBuildFile; fileRef = 40C31E4C2BFCC255001BDB84 /* HandleCSV.swift */; };
		40C31E502BFCC255001BDB84 /* ApiModel.swift in Sources */ = {isa = PBXBuildFile; fileRef = 40C31E4D2BFCC255001BDB84 /* ApiModel.swift */; };
		40C31E532BFCC25F001BDB84 /* NetworkManager.swift in Sources */ = {isa = PBXBuildFile; fileRef = 40C31E522BFCC25F001BDB84 /* NetworkManager.swift */; };
		40C31E572BFCC274001BDB84 /* Constants.swift in Sources */ = {isa = PBXBuildFile; fileRef = 40C31E552BFCC274001BDB84 /* Constants.swift */; };
		40C31E582BFCC274001BDB84 /* SwiftData + Typealias.swift in Sources */ = {isa = PBXBuildFile; fileRef = 40C31E562BFCC274001BDB84 /* SwiftData + Typealias.swift */; };
		40C31E5C2BFCC292001BDB84 /* BoxDetailView.swift in Sources */ = {isa = PBXBuildFile; fileRef = 40C31E592BFCC292001BDB84 /* BoxDetailView.swift */; };
		40C31E5D2BFCC292001BDB84 /* BoxDetailTextView.swift in Sources */ = {isa = PBXBuildFile; fileRef = 40C31E5A2BFCC292001BDB84 /* BoxDetailTextView.swift */; };
		40C31E5E2BFCC292001BDB84 /* BoxDetailMyMemoryView.swift in Sources */ = {isa = PBXBuildFile; fileRef = 40C31E5B2BFCC292001BDB84 /* BoxDetailMyMemoryView.swift */; };
		40C31E622BFCC2AA001BDB84 /* Brickset-MySets-owned.csv in Resources */ = {isa = PBXBuildFile; fileRef = 40C31E602BFCC2AA001BDB84 /* Brickset-MySets-owned.csv */; };
		40C31E632BFCC2AA001BDB84 /* Brickset-minifigs-owned.csv in Resources */ = {isa = PBXBuildFile; fileRef = 40C31E612BFCC2AA001BDB84 /* Brickset-minifigs-owned.csv */; };
		40C31E662BFCC2D0001BDB84 /* MinifigureTabView.swift in Sources */ = {isa = PBXBuildFile; fileRef = 40C31E642BFCC2D0001BDB84 /* MinifigureTabView.swift */; };
		40C31E672BFCC2D0001BDB84 /* MinifigureView.swift in Sources */ = {isa = PBXBuildFile; fileRef = 40C31E652BFCC2D0001BDB84 /* MinifigureView.swift */; };
/* End PBXBuildFile section */

/* Begin PBXFileReference section */
		40C31E232BFCC1F7001BDB84 /* 2024-MC2-A13-Eunhangdan_2.app */ = {isa = PBXFileReference; explicitFileType = wrapper.application; includeInIndex = 0; path = "2024-MC2-A13-Eunhangdan_2.app"; sourceTree = BUILT_PRODUCTS_DIR; };
		40C31E262BFCC1F7001BDB84 /* EunhangdanVol2.swift */ = {isa = PBXFileReference; lastKnownFileType = sourcecode.swift; path = EunhangdanVol2.swift; sourceTree = "<group>"; };
		40C31E282BFCC1F7001BDB84 /* ContentView.swift */ = {isa = PBXFileReference; lastKnownFileType = sourcecode.swift; path = ContentView.swift; sourceTree = "<group>"; };
		40C31E2A2BFCC1F7001BDB84 /* Assets.xcassets */ = {isa = PBXFileReference; lastKnownFileType = folder.assetcatalog; path = Assets.xcassets; sourceTree = "<group>"; };
		40C31E2D2BFCC1F7001BDB84 /* Preview Assets.xcassets */ = {isa = PBXFileReference; lastKnownFileType = folder.assetcatalog; path = "Preview Assets.xcassets"; sourceTree = "<group>"; };
		40C31E352BFCC235001BDB84 /* SearchView.swift */ = {isa = PBXFileReference; fileEncoding = 4; lastKnownFileType = sourcecode.swift; path = SearchView.swift; sourceTree = "<group>"; };
		40C31E362BFCC235001BDB84 /* SearchedMinifigureDetailView.swift */ = {isa = PBXFileReference; fileEncoding = 4; lastKnownFileType = sourcecode.swift; path = SearchedMinifigureDetailView.swift; sourceTree = "<group>"; };
		40C31E372BFCC235001BDB84 /* SearchResultView.swift */ = {isa = PBXFileReference; fileEncoding = 4; lastKnownFileType = sourcecode.swift; path = SearchResultView.swift; sourceTree = "<group>"; };
		40C31E382BFCC235001BDB84 /* SearchedLEGODetailView.swift */ = {isa = PBXFileReference; fileEncoding = 4; lastKnownFileType = sourcecode.swift; path = SearchedLEGODetailView.swift; sourceTree = "<group>"; };
		40C31E392BFCC235001BDB84 /* SeriesDetailView.swift */ = {isa = PBXFileReference; fileEncoding = 4; lastKnownFileType = sourcecode.swift; path = SeriesDetailView.swift; sourceTree = "<group>"; };
		40C31E3A2BFCC235001BDB84 /* SeriesView.swift */ = {isa = PBXFileReference; fileEncoding = 4; lastKnownFileType = sourcecode.swift; path = SeriesView.swift; sourceTree = "<group>"; };
		40C31E422BFCC242001BDB84 /* SwiftDataTestView.swift */ = {isa = PBXFileReference; fileEncoding = 4; lastKnownFileType = sourcecode.swift; path = SwiftDataTestView.swift; sourceTree = "<group>"; };
		40C31E432BFCC242001BDB84 /* NetworkTestView.swift */ = {isa = PBXFileReference; fileEncoding = 4; lastKnownFileType = sourcecode.swift; path = NetworkTestView.swift; sourceTree = "<group>"; };
		40C31E442BFCC242001BDB84 /* TotalTestView.swift */ = {isa = PBXFileReference; fileEncoding = 4; lastKnownFileType = sourcecode.swift; path = TotalTestView.swift; sourceTree = "<group>"; };
		40C31E452BFCC242001BDB84 /* HandleCSVTestView.swift */ = {isa = PBXFileReference; fileEncoding = 4; lastKnownFileType = sourcecode.swift; path = HandleCSVTestView.swift; sourceTree = "<group>"; };
		40C31E4B2BFCC255001BDB84 /* DataModel.swift */ = {isa = PBXFileReference; fileEncoding = 4; lastKnownFileType = sourcecode.swift; path = DataModel.swift; sourceTree = "<group>"; };
		40C31E4C2BFCC255001BDB84 /* HandleCSV.swift */ = {isa = PBXFileReference; fileEncoding = 4; lastKnownFileType = sourcecode.swift; path = HandleCSV.swift; sourceTree = "<group>"; };
		40C31E4D2BFCC255001BDB84 /* ApiModel.swift */ = {isa = PBXFileReference; fileEncoding = 4; lastKnownFileType = sourcecode.swift; path = ApiModel.swift; sourceTree = "<group>"; };
		40C31E522BFCC25F001BDB84 /* NetworkManager.swift */ = {isa = PBXFileReference; fileEncoding = 4; lastKnownFileType = sourcecode.swift; path = NetworkManager.swift; sourceTree = "<group>"; };
		40C31E552BFCC274001BDB84 /* Constants.swift */ = {isa = PBXFileReference; fileEncoding = 4; lastKnownFileType = sourcecode.swift; path = Constants.swift; sourceTree = "<group>"; };
		40C31E562BFCC274001BDB84 /* SwiftData + Typealias.swift */ = {isa = PBXFileReference; fileEncoding = 4; lastKnownFileType = sourcecode.swift; path = "SwiftData + Typealias.swift"; sourceTree = "<group>"; };
		40C31E592BFCC292001BDB84 /* BoxDetailView.swift */ = {isa = PBXFileReference; fileEncoding = 4; lastKnownFileType = sourcecode.swift; path = BoxDetailView.swift; sourceTree = "<group>"; };
		40C31E5A2BFCC292001BDB84 /* BoxDetailTextView.swift */ = {isa = PBXFileReference; fileEncoding = 4; lastKnownFileType = sourcecode.swift; path = BoxDetailTextView.swift; sourceTree = "<group>"; };
		40C31E5B2BFCC292001BDB84 /* BoxDetailMyMemoryView.swift */ = {isa = PBXFileReference; fileEncoding = 4; lastKnownFileType = sourcecode.swift; path = BoxDetailMyMemoryView.swift; sourceTree = "<group>"; };
		40C31E602BFCC2AA001BDB84 /* Brickset-MySets-owned.csv */ = {isa = PBXFileReference; fileEncoding = 4; lastKnownFileType = text; path = "Brickset-MySets-owned.csv"; sourceTree = "<group>"; };
		40C31E612BFCC2AA001BDB84 /* Brickset-minifigs-owned.csv */ = {isa = PBXFileReference; fileEncoding = 4; lastKnownFileType = text; path = "Brickset-minifigs-owned.csv"; sourceTree = "<group>"; };
		40C31E642BFCC2D0001BDB84 /* MinifigureTabView.swift */ = {isa = PBXFileReference; fileEncoding = 4; lastKnownFileType = sourcecode.swift; path = MinifigureTabView.swift; sourceTree = "<group>"; };
		40C31E652BFCC2D0001BDB84 /* MinifigureView.swift */ = {isa = PBXFileReference; fileEncoding = 4; lastKnownFileType = sourcecode.swift; path = MinifigureView.swift; sourceTree = "<group>"; };
/* End PBXFileReference section */

/* Begin PBXFrameworksBuildPhase section */
		40C31E202BFCC1F7001BDB84 /* Frameworks */ = {
			isa = PBXFrameworksBuildPhase;
			buildActionMask = 2147483647;
			files = (
			);
			runOnlyForDeploymentPostprocessing = 0;
		};
/* End PBXFrameworksBuildPhase section */

/* Begin PBXGroup section */
		40C31E1A2BFCC1F7001BDB84 = {
			isa = PBXGroup;
			children = (
				40C31E252BFCC1F7001BDB84 /* 2024-MC2-A13-Eunhangdan_2 */,
				40C31E242BFCC1F7001BDB84 /* Products */,
			);
			sourceTree = "<group>";
		};
		40C31E242BFCC1F7001BDB84 /* Products */ = {
			isa = PBXGroup;
			children = (
				40C31E232BFCC1F7001BDB84 /* 2024-MC2-A13-Eunhangdan_2.app */,
			);
			name = Products;
			sourceTree = "<group>";
		};
		40C31E252BFCC1F7001BDB84 /* 2024-MC2-A13-Eunhangdan_2 */ = {
			isa = PBXGroup;
			children = (
				40C31E5F2BFCC2AA001BDB84 /* Datas */,
				40C31E542BFCC274001BDB84 /* Helper */,
				40C31E512BFCC25F001BDB84 /* Networking */,
				40C31E4A2BFCC255001BDB84 /* Model */,
				40C31E412BFCC242001BDB84 /* TestView */,
				40C31E342BFCC235001BDB84 /* View */,
				40C31E262BFCC1F7001BDB84 /* EunhangdanVol2.swift */,
				40C31E282BFCC1F7001BDB84 /* ContentView.swift */,
				40C31E2A2BFCC1F7001BDB84 /* Assets.xcassets */,
				40C31E2C2BFCC1F7001BDB84 /* Preview Content */,
			);
			path = "2024-MC2-A13-Eunhangdan_2";
			sourceTree = "<group>";
		};
		40C31E2C2BFCC1F7001BDB84 /* Preview Content */ = {
			isa = PBXGroup;
			children = (
				40C31E2D2BFCC1F7001BDB84 /* Preview Assets.xcassets */,
			);
			path = "Preview Content";
			sourceTree = "<group>";
		};
		40C31E342BFCC235001BDB84 /* View */ = {
			isa = PBXGroup;
			children = (
				40C31E642BFCC2D0001BDB84 /* MinifigureTabView.swift */,
				40C31E652BFCC2D0001BDB84 /* MinifigureView.swift */,
				40C31E5B2BFCC292001BDB84 /* BoxDetailMyMemoryView.swift */,
				40C31E5A2BFCC292001BDB84 /* BoxDetailTextView.swift */,
				40C31E592BFCC292001BDB84 /* BoxDetailView.swift */,
				40C31E352BFCC235001BDB84 /* SearchView.swift */,
				40C31E362BFCC235001BDB84 /* SearchedMinifigureDetailView.swift */,
				40C31E372BFCC235001BDB84 /* SearchResultView.swift */,
				40C31E382BFCC235001BDB84 /* SearchedLEGODetailView.swift */,
				40C31E392BFCC235001BDB84 /* SeriesDetailView.swift */,
				40C31E3A2BFCC235001BDB84 /* SeriesView.swift */,
			);
			path = View;
			sourceTree = "<group>";
		};
		40C31E412BFCC242001BDB84 /* TestView */ = {
			isa = PBXGroup;
			children = (
				40C31E422BFCC242001BDB84 /* SwiftDataTestView.swift */,
				40C31E432BFCC242001BDB84 /* NetworkTestView.swift */,
				40C31E442BFCC242001BDB84 /* TotalTestView.swift */,
				40C31E452BFCC242001BDB84 /* HandleCSVTestView.swift */,
			);
			path = TestView;
			sourceTree = "<group>";
		};
		40C31E4A2BFCC255001BDB84 /* Model */ = {
			isa = PBXGroup;
			children = (
				40C31E4B2BFCC255001BDB84 /* DataModel.swift */,
				40C31E4C2BFCC255001BDB84 /* HandleCSV.swift */,
				40C31E4D2BFCC255001BDB84 /* ApiModel.swift */,
			);
			path = Model;
			sourceTree = "<group>";
		};
		40C31E512BFCC25F001BDB84 /* Networking */ = {
			isa = PBXGroup;
			children = (
				40C31E522BFCC25F001BDB84 /* NetworkManager.swift */,
			);
			path = Networking;
			sourceTree = "<group>";
		};
		40C31E542BFCC274001BDB84 /* Helper */ = {
			isa = PBXGroup;
			children = (
				40C31E552BFCC274001BDB84 /* Constants.swift */,
				40C31E562BFCC274001BDB84 /* SwiftData + Typealias.swift */,
			);
			path = Helper;
			sourceTree = "<group>";
		};
		40C31E5F2BFCC2AA001BDB84 /* Datas */ = {
			isa = PBXGroup;
			children = (
				40C31E602BFCC2AA001BDB84 /* Brickset-MySets-owned.csv */,
				40C31E612BFCC2AA001BDB84 /* Brickset-minifigs-owned.csv */,
			);
			path = Datas;
			sourceTree = "<group>";
		};
/* End PBXGroup section */

/* Begin PBXNativeTarget section */
		40C31E222BFCC1F7001BDB84 /* 2024-MC2-A13-Eunhangdan_2 */ = {
			isa = PBXNativeTarget;
			buildConfigurationList = 40C31E312BFCC1F7001BDB84 /* Build configuration list for PBXNativeTarget "2024-MC2-A13-Eunhangdan_2" */;
			buildPhases = (
				40C31E1F2BFCC1F7001BDB84 /* Sources */,
				40C31E202BFCC1F7001BDB84 /* Frameworks */,
				40C31E212BFCC1F7001BDB84 /* Resources */,
			);
			buildRules = (
			);
			dependencies = (
			);
			name = "2024-MC2-A13-Eunhangdan_2";
			productName = "2024-MC2-A13-Eunhangdan_2";
			productReference = 40C31E232BFCC1F7001BDB84 /* 2024-MC2-A13-Eunhangdan_2.app */;
			productType = "com.apple.product-type.application";
		};
/* End PBXNativeTarget section */

/* Begin PBXProject section */
		40C31E1B2BFCC1F7001BDB84 /* Project object */ = {
			isa = PBXProject;
			attributes = {
				BuildIndependentTargetsInParallel = 1;
				LastSwiftUpdateCheck = 1520;
				LastUpgradeCheck = 1520;
				TargetAttributes = {
					40C31E222BFCC1F7001BDB84 = {
						CreatedOnToolsVersion = 15.2;
					};
				};
			};
			buildConfigurationList = 40C31E1E2BFCC1F7001BDB84 /* Build configuration list for PBXProject "2024-MC2-A13-Eunhangdan_2" */;
			compatibilityVersion = "Xcode 14.0";
			developmentRegion = en;
			hasScannedForEncodings = 0;
			knownRegions = (
				en,
				Base,
			);
			mainGroup = 40C31E1A2BFCC1F7001BDB84;
			productRefGroup = 40C31E242BFCC1F7001BDB84 /* Products */;
			projectDirPath = "";
			projectRoot = "";
			targets = (
				40C31E222BFCC1F7001BDB84 /* 2024-MC2-A13-Eunhangdan_2 */,
			);
		};
/* End PBXProject section */

/* Begin PBXResourcesBuildPhase section */
		40C31E212BFCC1F7001BDB84 /* Resources */ = {
			isa = PBXResourcesBuildPhase;
			buildActionMask = 2147483647;
			files = (
				40C31E2E2BFCC1F7001BDB84 /* Preview Assets.xcassets in Resources */,
				40C31E632BFCC2AA001BDB84 /* Brickset-minifigs-owned.csv in Resources */,
				40C31E622BFCC2AA001BDB84 /* Brickset-MySets-owned.csv in Resources */,
				40C31E2B2BFCC1F7001BDB84 /* Assets.xcassets in Resources */,
			);
			runOnlyForDeploymentPostprocessing = 0;
		};
/* End PBXResourcesBuildPhase section */

/* Begin PBXSourcesBuildPhase section */
		40C31E1F2BFCC1F7001BDB84 /* Sources */ = {
			isa = PBXSourcesBuildPhase;
			buildActionMask = 2147483647;
			files = (
				40C31E292BFCC1F7001BDB84 /* ContentView.swift in Sources */,
				40C31E572BFCC274001BDB84 /* Constants.swift in Sources */,
				40C31E5D2BFCC292001BDB84 /* BoxDetailTextView.swift in Sources */,
				40C31E582BFCC274001BDB84 /* SwiftData + Typealias.swift in Sources */,
				40C31E402BFCC235001BDB84 /* SeriesView.swift in Sources */,
				40C31E482BFCC242001BDB84 /* TotalTestView.swift in Sources */,
				40C31E3C2BFCC235001BDB84 /* SearchedMinifigureDetailView.swift in Sources */,
				40C31E532BFCC25F001BDB84 /* NetworkManager.swift in Sources */,
				40C31E502BFCC255001BDB84 /* ApiModel.swift in Sources */,
				40C31E5E2BFCC292001BDB84 /* BoxDetailMyMemoryView.swift in Sources */,
				40C31E3F2BFCC235001BDB84 /* SeriesDetailView.swift in Sources */,
				40C31E492BFCC242001BDB84 /* HandleCSVTestView.swift in Sources */,
				40C31E4E2BFCC255001BDB84 /* DataModel.swift in Sources */,
				40C31E662BFCC2D0001BDB84 /* MinifigureTabView.swift in Sources */,
				40C31E672BFCC2D0001BDB84 /* MinifigureView.swift in Sources */,
				40C31E462BFCC242001BDB84 /* SwiftDataTestView.swift in Sources */,
				40C31E4F2BFCC255001BDB84 /* HandleCSV.swift in Sources */,
				40C31E5C2BFCC292001BDB84 /* BoxDetailView.swift in Sources */,
				40C31E3B2BFCC235001BDB84 /* SearchView.swift in Sources */,
				40C31E3E2BFCC235001BDB84 /* SearchedLEGODetailView.swift in Sources */,
				40C31E472BFCC242001BDB84 /* NetworkTestView.swift in Sources */,
				40C31E272BFCC1F7001BDB84 /* EunhangdanVol2.swift in Sources */,
				40C31E3D2BFCC235001BDB84 /* SearchResultView.swift in Sources */,
			);
			runOnlyForDeploymentPostprocessing = 0;
		};
/* End PBXSourcesBuildPhase section */

/* Begin XCBuildConfiguration section */
		40C31E2F2BFCC1F7001BDB84 /* Debug */ = {
			isa = XCBuildConfiguration;
			buildSettings = {
				ALWAYS_SEARCH_USER_PATHS = NO;
				ASSETCATALOG_COMPILER_GENERATE_SWIFT_ASSET_SYMBOL_EXTENSIONS = YES;
				CLANG_ANALYZER_NONNULL = YES;
				CLANG_ANALYZER_NUMBER_OBJECT_CONVERSION = YES_AGGRESSIVE;
				CLANG_CXX_LANGUAGE_STANDARD = "gnu++20";
				CLANG_ENABLE_MODULES = YES;
				CLANG_ENABLE_OBJC_ARC = YES;
				CLANG_ENABLE_OBJC_WEAK = YES;
				CLANG_WARN_BLOCK_CAPTURE_AUTORELEASING = YES;
				CLANG_WARN_BOOL_CONVERSION = YES;
				CLANG_WARN_COMMA = YES;
				CLANG_WARN_CONSTANT_CONVERSION = YES;
				CLANG_WARN_DEPRECATED_OBJC_IMPLEMENTATIONS = YES;
				CLANG_WARN_DIRECT_OBJC_ISA_USAGE = YES_ERROR;
				CLANG_WARN_DOCUMENTATION_COMMENTS = YES;
				CLANG_WARN_EMPTY_BODY = YES;
				CLANG_WARN_ENUM_CONVERSION = YES;
				CLANG_WARN_INFINITE_RECURSION = YES;
				CLANG_WARN_INT_CONVERSION = YES;
				CLANG_WARN_NON_LITERAL_NULL_CONVERSION = YES;
				CLANG_WARN_OBJC_IMPLICIT_RETAIN_SELF = YES;
				CLANG_WARN_OBJC_LITERAL_CONVERSION = YES;
				CLANG_WARN_OBJC_ROOT_CLASS = YES_ERROR;
				CLANG_WARN_QUOTED_INCLUDE_IN_FRAMEWORK_HEADER = YES;
				CLANG_WARN_RANGE_LOOP_ANALYSIS = YES;
				CLANG_WARN_STRICT_PROTOTYPES = YES;
				CLANG_WARN_SUSPICIOUS_MOVE = YES;
				CLANG_WARN_UNGUARDED_AVAILABILITY = YES_AGGRESSIVE;
				CLANG_WARN_UNREACHABLE_CODE = YES;
				CLANG_WARN__DUPLICATE_METHOD_MATCH = YES;
				COPY_PHASE_STRIP = NO;
				DEBUG_INFORMATION_FORMAT = dwarf;
				ENABLE_STRICT_OBJC_MSGSEND = YES;
				ENABLE_TESTABILITY = YES;
				ENABLE_USER_SCRIPT_SANDBOXING = YES;
				GCC_C_LANGUAGE_STANDARD = gnu17;
				GCC_DYNAMIC_NO_PIC = NO;
				GCC_NO_COMMON_BLOCKS = YES;
				GCC_OPTIMIZATION_LEVEL = 0;
				GCC_PREPROCESSOR_DEFINITIONS = (
					"DEBUG=1",
					"$(inherited)",
				);
				GCC_WARN_64_TO_32_BIT_CONVERSION = YES;
				GCC_WARN_ABOUT_RETURN_TYPE = YES_ERROR;
				GCC_WARN_UNDECLARED_SELECTOR = YES;
				GCC_WARN_UNINITIALIZED_AUTOS = YES_AGGRESSIVE;
				GCC_WARN_UNUSED_FUNCTION = YES;
				GCC_WARN_UNUSED_VARIABLE = YES;
				IPHONEOS_DEPLOYMENT_TARGET = 17.2;
				LOCALIZATION_PREFERS_STRING_CATALOGS = YES;
				MTL_ENABLE_DEBUG_INFO = INCLUDE_SOURCE;
				MTL_FAST_MATH = YES;
				ONLY_ACTIVE_ARCH = YES;
				SDKROOT = iphoneos;
				SWIFT_ACTIVE_COMPILATION_CONDITIONS = "DEBUG $(inherited)";
				SWIFT_OPTIMIZATION_LEVEL = "-Onone";
			};
			name = Debug;
		};
		40C31E302BFCC1F7001BDB84 /* Release */ = {
			isa = XCBuildConfiguration;
			buildSettings = {
				ALWAYS_SEARCH_USER_PATHS = NO;
				ASSETCATALOG_COMPILER_GENERATE_SWIFT_ASSET_SYMBOL_EXTENSIONS = YES;
				CLANG_ANALYZER_NONNULL = YES;
				CLANG_ANALYZER_NUMBER_OBJECT_CONVERSION = YES_AGGRESSIVE;
				CLANG_CXX_LANGUAGE_STANDARD = "gnu++20";
				CLANG_ENABLE_MODULES = YES;
				CLANG_ENABLE_OBJC_ARC = YES;
				CLANG_ENABLE_OBJC_WEAK = YES;
				CLANG_WARN_BLOCK_CAPTURE_AUTORELEASING = YES;
				CLANG_WARN_BOOL_CONVERSION = YES;
				CLANG_WARN_COMMA = YES;
				CLANG_WARN_CONSTANT_CONVERSION = YES;
				CLANG_WARN_DEPRECATED_OBJC_IMPLEMENTATIONS = YES;
				CLANG_WARN_DIRECT_OBJC_ISA_USAGE = YES_ERROR;
				CLANG_WARN_DOCUMENTATION_COMMENTS = YES;
				CLANG_WARN_EMPTY_BODY = YES;
				CLANG_WARN_ENUM_CONVERSION = YES;
				CLANG_WARN_INFINITE_RECURSION = YES;
				CLANG_WARN_INT_CONVERSION = YES;
				CLANG_WARN_NON_LITERAL_NULL_CONVERSION = YES;
				CLANG_WARN_OBJC_IMPLICIT_RETAIN_SELF = YES;
				CLANG_WARN_OBJC_LITERAL_CONVERSION = YES;
				CLANG_WARN_OBJC_ROOT_CLASS = YES_ERROR;
				CLANG_WARN_QUOTED_INCLUDE_IN_FRAMEWORK_HEADER = YES;
				CLANG_WARN_RANGE_LOOP_ANALYSIS = YES;
				CLANG_WARN_STRICT_PROTOTYPES = YES;
				CLANG_WARN_SUSPICIOUS_MOVE = YES;
				CLANG_WARN_UNGUARDED_AVAILABILITY = YES_AGGRESSIVE;
				CLANG_WARN_UNREACHABLE_CODE = YES;
				CLANG_WARN__DUPLICATE_METHOD_MATCH = YES;
				COPY_PHASE_STRIP = NO;
				DEBUG_INFORMATION_FORMAT = "dwarf-with-dsym";
				ENABLE_NS_ASSERTIONS = NO;
				ENABLE_STRICT_OBJC_MSGSEND = YES;
				ENABLE_USER_SCRIPT_SANDBOXING = YES;
				GCC_C_LANGUAGE_STANDARD = gnu17;
				GCC_NO_COMMON_BLOCKS = YES;
				GCC_WARN_64_TO_32_BIT_CONVERSION = YES;
				GCC_WARN_ABOUT_RETURN_TYPE = YES_ERROR;
				GCC_WARN_UNDECLARED_SELECTOR = YES;
				GCC_WARN_UNINITIALIZED_AUTOS = YES_AGGRESSIVE;
				GCC_WARN_UNUSED_FUNCTION = YES;
				GCC_WARN_UNUSED_VARIABLE = YES;
				IPHONEOS_DEPLOYMENT_TARGET = 17.2;
				LOCALIZATION_PREFERS_STRING_CATALOGS = YES;
				MTL_ENABLE_DEBUG_INFO = NO;
				MTL_FAST_MATH = YES;
				SDKROOT = iphoneos;
				SWIFT_COMPILATION_MODE = wholemodule;
				VALIDATE_PRODUCT = YES;
			};
			name = Release;
		};
		40C31E322BFCC1F7001BDB84 /* Debug */ = {
			isa = XCBuildConfiguration;
			buildSettings = {
				ASSETCATALOG_COMPILER_APPICON_NAME = AppIcon;
				ASSETCATALOG_COMPILER_GLOBAL_ACCENT_COLOR_NAME = AccentColor;
				CODE_SIGN_STYLE = Automatic;
				CURRENT_PROJECT_VERSION = 1;
				DEVELOPMENT_ASSET_PATHS = "\"2024-MC2-A13-Eunhangdan_2/Preview Content\"";
				ENABLE_PREVIEWS = YES;
				GENERATE_INFOPLIST_FILE = YES;
				INFOPLIST_KEY_UIApplicationSceneManifest_Generation = YES;
				INFOPLIST_KEY_UIApplicationSupportsIndirectInputEvents = YES;
				INFOPLIST_KEY_UILaunchScreen_Generation = YES;
				INFOPLIST_KEY_UISupportedInterfaceOrientations_iPad = "UIInterfaceOrientationPortrait UIInterfaceOrientationPortraitUpsideDown UIInterfaceOrientationLandscapeLeft UIInterfaceOrientationLandscapeRight";
				INFOPLIST_KEY_UISupportedInterfaceOrientations_iPhone = "UIInterfaceOrientationPortrait UIInterfaceOrientationLandscapeLeft UIInterfaceOrientationLandscapeRight";
				LD_RUNPATH_SEARCH_PATHS = (
					"$(inherited)",
					"@executable_path/Frameworks",
				);
				MARKETING_VERSION = 1.0;
				PRODUCT_BUNDLE_IDENTIFIER = "Eunhaengdan.-024-MC2-A13-Eunhangdan-2";
				PRODUCT_NAME = "$(TARGET_NAME)";
				SWIFT_EMIT_LOC_STRINGS = YES;
				SWIFT_VERSION = 5.0;
				TARGETED_DEVICE_FAMILY = "1,2";
			};
			name = Debug;
		};
		40C31E332BFCC1F7001BDB84 /* Release */ = {
			isa = XCBuildConfiguration;
			buildSettings = {
				ASSETCATALOG_COMPILER_APPICON_NAME = AppIcon;
				ASSETCATALOG_COMPILER_GLOBAL_ACCENT_COLOR_NAME = AccentColor;
				CODE_SIGN_STYLE = Automatic;
				CURRENT_PROJECT_VERSION = 1;
				DEVELOPMENT_ASSET_PATHS = "\"2024-MC2-A13-Eunhangdan_2/Preview Content\"";
				ENABLE_PREVIEWS = YES;
				GENERATE_INFOPLIST_FILE = YES;
				INFOPLIST_KEY_UIApplicationSceneManifest_Generation = YES;
				INFOPLIST_KEY_UIApplicationSupportsIndirectInputEvents = YES;
				INFOPLIST_KEY_UILaunchScreen_Generation = YES;
				INFOPLIST_KEY_UISupportedInterfaceOrientations_iPad = "UIInterfaceOrientationPortrait UIInterfaceOrientationPortraitUpsideDown UIInterfaceOrientationLandscapeLeft UIInterfaceOrientationLandscapeRight";
				INFOPLIST_KEY_UISupportedInterfaceOrientations_iPhone = "UIInterfaceOrientationPortrait UIInterfaceOrientationLandscapeLeft UIInterfaceOrientationLandscapeRight";
				LD_RUNPATH_SEARCH_PATHS = (
					"$(inherited)",
					"@executable_path/Frameworks",
				);
				MARKETING_VERSION = 1.0;
				PRODUCT_BUNDLE_IDENTIFIER = "Eunhaengdan.-024-MC2-A13-Eunhangdan-2";
				PRODUCT_NAME = "$(TARGET_NAME)";
				SWIFT_EMIT_LOC_STRINGS = YES;
				SWIFT_VERSION = 5.0;
				TARGETED_DEVICE_FAMILY = "1,2";
			};
			name = Release;
		};
/* End XCBuildConfiguration section */

/* Begin XCConfigurationList section */
		40C31E1E2BFCC1F7001BDB84 /* Build configuration list for PBXProject "2024-MC2-A13-Eunhangdan_2" */ = {
			isa = XCConfigurationList;
			buildConfigurations = (
				40C31E2F2BFCC1F7001BDB84 /* Debug */,
				40C31E302BFCC1F7001BDB84 /* Release */,
			);
			defaultConfigurationIsVisible = 0;
			defaultConfigurationName = Release;
		};
		40C31E312BFCC1F7001BDB84 /* Build configuration list for PBXNativeTarget "2024-MC2-A13-Eunhangdan_2" */ = {
			isa = XCConfigurationList;
			buildConfigurations = (
				40C31E322BFCC1F7001BDB84 /* Debug */,
				40C31E332BFCC1F7001BDB84 /* Release */,
			);
			defaultConfigurationIsVisible = 0;
			defaultConfigurationName = Release;
		};
/* End XCConfigurationList section */
	};
	rootObject = 40C31E1B2BFCC1F7001BDB84 /* Project object */;
}
